
Microsoft Visual Studio Solution File, Format Version 12.00
# Visual Studio 14
VisualStudioVersion = 14.0.25420.1
MinimumVisualStudioVersion = 10.0.40219.1
Project("{FAE04EC0-301F-11D3-BF4B-00C04F79EFBC}") = "WebUI", "WebUI\WebUI.csproj", "{0043173B-E8E4-455B-85BC-E4E37B554385}"
EndProject
Project("{FAE04EC0-301F-11D3-BF4B-00C04F79EFBC}") = "DataBaseModel", "DataBaseModel\DataBaseModel.csproj", "{FA64DDCA-6E20-4319-BEE8-0C49407405AD}"
EndProject
Project("{FAE04EC0-301F-11D3-BF4B-00C04F79EFBC}") = "DataBaseTrigger", "DataBaseTrigger\DataBaseTrigger.csproj", "{E45C5D1A-1E56-4312-A95A-0986CAD42496}"
EndProject
Project("{FAE04EC0-301F-11D3-BF4B-00C04F79EFBC}") = "FrameworkBase", "FrameworkBase\FrameworkBase.csproj", "{7BE2BCCF-0069-432C-89AD-F195252B86E3}"
EndProject
Project("{FAE04EC0-301F-11D3-BF4B-00C04F79EFBC}") = "AdminUI", "WebUI\Administrator\AdminUI\AdminUI.csproj", "{7401D5BB-8E33-4461-A04E-0A425BF56A98}"
EndProject
Project("{2150E333-8FDC-42A3-9474-1A3956D46DE8}") = "DataBaseSet", "DataBaseSet", "{AD15795C-FDDE-4539-87A9-24DB9A2E22AE}"
EndProject
Project("{2150E333-8FDC-42A3-9474-1A3956D46DE8}") = "BusinessLogicSet", "BusinessLogicSet", "{B98739B3-A8E1-49A0-B6E6-A38312BA04BD}"
EndProject
Project("{2150E333-8FDC-42A3-9474-1A3956D46DE8}") = "BusinessUI", "BusinessUI", "{8C910213-DF92-4229-9C58-F4C10D5F6855}"
EndProject
Project("{2150E333-8FDC-42A3-9474-1A3956D46DE8}") = "JsPlugins", "JsPlugins", "{D72772B8-306E-416C-B4DD-F6BAF0F0BAFB}"
EndProject
Project("{FAE04EC0-301F-11D3-BF4B-00C04F79EFBC}") = "JqueryPluginTest", "JqueryPluginTest\JqueryPluginTest.csproj", "{0680D0F8-6417-47B6-9263-6ED70106E43A}"
EndProject
Project("{FAE04EC0-301F-11D3-BF4B-00C04F79EFBC}") = "BasePluginTest", "BasePluginTest\BasePluginTest.csproj", "{84D7B4A0-F8B8-4DEB-BC0E-D7A2506A26C6}"
EndProject
Project("{FAE04EC0-301F-11D3-BF4B-00C04F79EFBC}") = "TBVerticalMenu", "TBVerticalMenu\TBVerticalMenu.csproj", "{B56754E6-E326-4CA3-A485-0082AD2B4B49}"
EndProject
Project("{FAE04EC0-301F-11D3-BF4B-00C04F79EFBC}") = "handlerTest", "handlerTest\handlerTest.csproj", "{F46123DE-E681-4762-A355-07DEE3C3CADC}"
EndProject
Global
	GlobalSection(SolutionConfigurationPlatforms) = preSolution
		Debug|Any CPU = Debug|Any CPU
		Release|Any CPU = Release|Any CPU
	EndGlobalSection
	GlobalSection(ProjectConfigurationPlatforms) = postSolution
		{0043173B-E8E4-455B-85BC-E4E37B554385}.Debug|Any CPU.ActiveCfg = Debug|Any CPU
		{0043173B-E8E4-455B-85BC-E4E37B554385}.Debug|Any CPU.Build.0 = Debug|Any CPU
		{0043173B-E8E4-455B-85BC-E4E37B554385}.Release|Any CPU.ActiveCfg = Release|Any CPU
		{0043173B-E8E4-455B-85BC-E4E37B554385}.Release|Any CPU.Build.0 = Release|Any CPU
		{FA64DDCA-6E20-4319-BEE8-0C49407405AD}.Debug|Any CPU.ActiveCfg = Debug|Any CPU
		{FA64DDCA-6E20-4319-BEE8-0C49407405AD}.Debug|Any CPU.Build.0 = Debug|Any CPU
		{FA64DDCA-6E20-4319-BEE8-0C49407405AD}.Release|Any CPU.ActiveCfg = Release|Any CPU
		{FA64DDCA-6E20-4319-BEE8-0C49407405AD}.Release|Any CPU.Build.0 = Release|Any CPU
		{E45C5D1A-1E56-4312-A95A-0986CAD42496}.Debug|Any CPU.ActiveCfg = Debug|Any CPU
		{E45C5D1A-1E56-4312-A95A-0986CAD42496}.Debug|Any CPU.Build.0 = Debug|Any CPU
		{E45C5D1A-1E56-4312-A95A-0986CAD42496}.Release|Any CPU.ActiveCfg = Release|Any CPU
		{E45C5D1A-1E56-4312-A95A-0986CAD42496}.Release|Any CPU.Build.0 = Release|Any CPU
		{7BE2BCCF-0069-432C-89AD-F195252B86E3}.Debug|Any CPU.ActiveCfg = Debug|Any CPU
		{7BE2BCCF-0069-432C-89AD-F195252B86E3}.Debug|Any CPU.Build.0 = Debug|Any CPU
		{7BE2BCCF-0069-432C-89AD-F195252B86E3}.Release|Any CPU.ActiveCfg = Release|Any CPU
		{7BE2BCCF-0069-432C-89AD-F195252B86E3}.Release|Any CPU.Build.0 = Release|Any CPU
		{7401D5BB-8E33-4461-A04E-0A425BF56A98}.Debug|Any CPU.ActiveCfg = Debug|Any CPU
		{7401D5BB-8E33-4461-A04E-0A425BF56A98}.Debug|Any CPU.Build.0 = Debug|Any CPU
		{7401D5BB-8E33-4461-A04E-0A425BF56A98}.Release|Any CPU.ActiveCfg = Release|Any CPU
		{7401D5BB-8E33-4461-A04E-0A425BF56A98}.Release|Any CPU.Build.0 = Release|Any CPU
		{0680D0F8-6417-47B6-9263-6ED70106E43A}.Debug|Any CPU.ActiveCfg = Debug|Any CPU
		{0680D0F8-6417-47B6-9263-6ED70106E43A}.Debug|Any CPU.Build.0 = Debug|Any CPU
		{0680D0F8-6417-47B6-9263-6ED70106E43A}.Release|Any CPU.ActiveCfg = Release|Any CPU
		{0680D0F8-6417-47B6-9263-6ED70106E43A}.Release|Any CPU.Build.0 = Release|Any CPU
		{84D7B4A0-F8B8-4DEB-BC0E-D7A2506A26C6}.Debug|Any CPU.ActiveCfg = Debug|Any CPU
		{84D7B4A0-F8B8-4DEB-BC0E-D7A2506A26C6}.Debug|Any CPU.Build.0 = Debug|Any CPU
		{84D7B4A0-F8B8-4DEB-BC0E-D7A2506A26C6}.Release|Any CPU.ActiveCfg = Release|Any CPU
		{84D7B4A0-F8B8-4DEB-BC0E-D7A2506A26C6}.Release|Any CPU.Build.0 = Release|Any CPU
		{B56754E6-E326-4CA3-A485-0082AD2B4B49}.Debug|Any CPU.ActiveCfg = Debug|Any CPU
		{B56754E6-E326-4CA3-A485-0082AD2B4B49}.Debug|Any CPU.Build.0 = Debug|Any CPU
		{B56754E6-E326-4CA3-A485-0082AD2B4B49}.Release|Any CPU.ActiveCfg = Release|Any CPU
		{B56754E6-E326-4CA3-A485-0082AD2B4B49}.Release|Any CPU.Build.0 = Release|Any CPU
		{F46123DE-E681-4762-A355-07DEE3C3CADC}.Debug|Any CPU.ActiveCfg = Debug|Any CPU
		{F46123DE-E681-4762-A355-07DEE3C3CADC}.Debug|Any CPU.Build.0 = Debug|Any CPU
		{F46123DE-E681-4762-A355-07DEE3C3CADC}.Release|Any CPU.ActiveCfg = Release|Any CPU
		{F46123DE-E681-4762-A355-07DEE3C3CADC}.Release|Any CPU.Build.0 = Release|Any CPU
	EndGlobalSection
	GlobalSection(SolutionProperties) = preSolution
		HideSolutionNode = FALSE
	EndGlobalSection
	GlobalSection(NestedProjects) = preSolution
		{0043173B-E8E4-455B-85BC-E4E37B554385} = {8C910213-DF92-4229-9C58-F4C10D5F6855}
		{FA64DDCA-6E20-4319-BEE8-0C49407405AD} = {AD15795C-FDDE-4539-87A9-24DB9A2E22AE}
		{E45C5D1A-1E56-4312-A95A-0986CAD42496} = {AD15795C-FDDE-4539-87A9-24DB9A2E22AE}
		{7BE2BCCF-0069-432C-89AD-F195252B86E3} = {B98739B3-A8E1-49A0-B6E6-A38312BA04BD}
		{7401D5BB-8E33-4461-A04E-0A425BF56A98} = {8C910213-DF92-4229-9C58-F4C10D5F6855}
		{0680D0F8-6417-47B6-9263-6ED70106E43A} = {D72772B8-306E-416C-B4DD-F6BAF0F0BAFB}
		{84D7B4A0-F8B8-4DEB-BC0E-D7A2506A26C6} = {D72772B8-306E-416C-B4DD-F6BAF0F0BAFB}
		{B56754E6-E326-4CA3-A485-0082AD2B4B49} = {D72772B8-306E-416C-B4DD-F6BAF0F0BAFB}
		{F46123DE-E681-4762-A355-07DEE3C3CADC} = {D72772B8-306E-416C-B4DD-F6BAF0F0BAFB}
	EndGlobalSection
EndGlobal
